
Microsoft Visual Studio Solution File, Format Version 12.00
# Visual Studio Version 17
VisualStudioVersion = 17.0.31903.59
MinimumVisualStudioVersion = 10.0.40219.1
Project("{FAE04EC0-301F-11D3-BF4B-00C04F79EFBC}") = "ColorSpheres", "ColorSpheres\ColorSpheres.csproj", "{417318E2-8383-40E2-BC29-EFCB486CBB53}"
EndProject
Project("{FAE04EC0-301F-11D3-BF4B-00C04F79EFBC}") = "ColorSpheres", "BetterColorSpheres\ColorSpheres.csproj", "{7C44A286-AD2F-46F4-B61B-C905EC487332}"
EndProject
Global
	GlobalSection(SolutionConfigurationPlatforms) = preSolution
		Debug|Any CPU = Debug|Any CPU
		Release|Any CPU = Release|Any CPU
	EndGlobalSection
	GlobalSection(SolutionProperties) = preSolution
		HideSolutionNode = FALSE
	EndGlobalSection
	GlobalSection(ProjectConfigurationPlatforms) = postSolution
		{417318E2-8383-40E2-BC29-EFCB486CBB53}.Debug|Any CPU.ActiveCfg = Debug|Any CPU
		{417318E2-8383-40E2-BC29-EFCB486CBB53}.Debug|Any CPU.Build.0 = Debug|Any CPU
		{417318E2-8383-40E2-BC29-EFCB486CBB53}.Release|Any CPU.ActiveCfg = Release|Any CPU
		{417318E2-8383-40E2-BC29-EFCB486CBB53}.Release|Any CPU.Build.0 = Release|Any CPU
		{7C44A286-AD2F-46F4-B61B-C905EC487332}.Debug|Any CPU.ActiveCfg = Debug|Any CPU
		{7C44A286-AD2F-46F4-B61B-C905EC487332}.Debug|Any CPU.Build.0 = Debug|Any CPU
		{7C44A286-AD2F-46F4-B61B-C905EC487332}.Release|Any CPU.ActiveCfg = Release|Any CPU
		{7C44A286-AD2F-46F4-B61B-C905EC487332}.Release|Any CPU.Build.0 = Release|Any CPU
	EndGlobalSection
EndGlobal
