
Microsoft Visual Studio Solution File, Format Version 12.00
# Visual Studio Version 17
VisualStudioVersion = 17.0.31903.59
MinimumVisualStudioVersion = 10.0.40219.1
Project("{FAE04EC0-301F-11D3-BF4B-00C04F79EFBC}") = "Chronos", "Chronos\Chronos.csproj", "{F82E904B-809F-4A48-B664-1C6968C79571}"
EndProject
Project("{FAE04EC0-301F-11D3-BF4B-00C04F79EFBC}") = "RandomTest", "RandomTest\RandomTest.csproj", "{27210346-26B9-4CB0-87D6-F5699B9EAD25}"
EndProject
Project("{FAE04EC0-301F-11D3-BF4B-00C04F79EFBC}") = "RandDice", "RandDice\RandDice.csproj", "{67098ED0-F3DE-45EE-A2D5-A4D5D71A0F6F}"
EndProject
Project("{FAE04EC0-301F-11D3-BF4B-00C04F79EFBC}") = "MyGame", "MyGame\MyGame.csproj", "{0CE823D6-54C4-4DB8-A4E3-8056EE35AC1C}"
EndProject
Project("{FAE04EC0-301F-11D3-BF4B-00C04F79EFBC}") = "MyRPG", "MyRPG\MyRPG.csproj", "{25C74077-41E1-442C-A978-EF6D3B92BF3A}"
EndProject
Global
	GlobalSection(SolutionConfigurationPlatforms) = preSolution
		Debug|Any CPU = Debug|Any CPU
		Debug|x64 = Debug|x64
		Debug|x86 = Debug|x86
		Release|Any CPU = Release|Any CPU
		Release|x64 = Release|x64
		Release|x86 = Release|x86
	EndGlobalSection
	GlobalSection(ProjectConfigurationPlatforms) = postSolution
		{F82E904B-809F-4A48-B664-1C6968C79571}.Debug|Any CPU.ActiveCfg = Debug|Any CPU
		{F82E904B-809F-4A48-B664-1C6968C79571}.Debug|Any CPU.Build.0 = Debug|Any CPU
		{F82E904B-809F-4A48-B664-1C6968C79571}.Debug|x64.ActiveCfg = Debug|Any CPU
		{F82E904B-809F-4A48-B664-1C6968C79571}.Debug|x64.Build.0 = Debug|Any CPU
		{F82E904B-809F-4A48-B664-1C6968C79571}.Debug|x86.ActiveCfg = Debug|Any CPU
		{F82E904B-809F-4A48-B664-1C6968C79571}.Debug|x86.Build.0 = Debug|Any CPU
		{F82E904B-809F-4A48-B664-1C6968C79571}.Release|Any CPU.ActiveCfg = Release|Any CPU
		{F82E904B-809F-4A48-B664-1C6968C79571}.Release|Any CPU.Build.0 = Release|Any CPU
		{F82E904B-809F-4A48-B664-1C6968C79571}.Release|x64.ActiveCfg = Release|Any CPU
		{F82E904B-809F-4A48-B664-1C6968C79571}.Release|x64.Build.0 = Release|Any CPU
		{F82E904B-809F-4A48-B664-1C6968C79571}.Release|x86.ActiveCfg = Release|Any CPU
		{F82E904B-809F-4A48-B664-1C6968C79571}.Release|x86.Build.0 = Release|Any CPU
		{27210346-26B9-4CB0-87D6-F5699B9EAD25}.Debug|Any CPU.ActiveCfg = Debug|Any CPU
		{27210346-26B9-4CB0-87D6-F5699B9EAD25}.Debug|Any CPU.Build.0 = Debug|Any CPU
		{27210346-26B9-4CB0-87D6-F5699B9EAD25}.Debug|x64.ActiveCfg = Debug|Any CPU
		{27210346-26B9-4CB0-87D6-F5699B9EAD25}.Debug|x64.Build.0 = Debug|Any CPU
		{27210346-26B9-4CB0-87D6-F5699B9EAD25}.Debug|x86.ActiveCfg = Debug|Any CPU
		{27210346-26B9-4CB0-87D6-F5699B9EAD25}.Debug|x86.Build.0 = Debug|Any CPU
		{27210346-26B9-4CB0-87D6-F5699B9EAD25}.Release|Any CPU.ActiveCfg = Release|Any CPU
		{27210346-26B9-4CB0-87D6-F5699B9EAD25}.Release|Any CPU.Build.0 = Release|Any CPU
		{27210346-26B9-4CB0-87D6-F5699B9EAD25}.Release|x64.ActiveCfg = Release|Any CPU
		{27210346-26B9-4CB0-87D6-F5699B9EAD25}.Release|x64.Build.0 = Release|Any CPU
		{27210346-26B9-4CB0-87D6-F5699B9EAD25}.Release|x86.ActiveCfg = Release|Any CPU
		{27210346-26B9-4CB0-87D6-F5699B9EAD25}.Release|x86.Build.0 = Release|Any CPU
		{67098ED0-F3DE-45EE-A2D5-A4D5D71A0F6F}.Debug|Any CPU.ActiveCfg = Debug|Any CPU
		{67098ED0-F3DE-45EE-A2D5-A4D5D71A0F6F}.Debug|Any CPU.Build.0 = Debug|Any CPU
		{67098ED0-F3DE-45EE-A2D5-A4D5D71A0F6F}.Debug|x64.ActiveCfg = Debug|Any CPU
		{67098ED0-F3DE-45EE-A2D5-A4D5D71A0F6F}.Debug|x64.Build.0 = Debug|Any CPU
		{67098ED0-F3DE-45EE-A2D5-A4D5D71A0F6F}.Debug|x86.ActiveCfg = Debug|Any CPU
		{67098ED0-F3DE-45EE-A2D5-A4D5D71A0F6F}.Debug|x86.Build.0 = Debug|Any CPU
		{67098ED0-F3DE-45EE-A2D5-A4D5D71A0F6F}.Release|Any CPU.ActiveCfg = Release|Any CPU
		{67098ED0-F3DE-45EE-A2D5-A4D5D71A0F6F}.Release|Any CPU.Build.0 = Release|Any CPU
		{67098ED0-F3DE-45EE-A2D5-A4D5D71A0F6F}.Release|x64.ActiveCfg = Release|Any CPU
		{67098ED0-F3DE-45EE-A2D5-A4D5D71A0F6F}.Release|x64.Build.0 = Release|Any CPU
		{67098ED0-F3DE-45EE-A2D5-A4D5D71A0F6F}.Release|x86.ActiveCfg = Release|Any CPU
		{67098ED0-F3DE-45EE-A2D5-A4D5D71A0F6F}.Release|x86.Build.0 = Release|Any CPU
		{0CE823D6-54C4-4DB8-A4E3-8056EE35AC1C}.Debug|Any CPU.ActiveCfg = Debug|Any CPU
		{0CE823D6-54C4-4DB8-A4E3-8056EE35AC1C}.Debug|Any CPU.Build.0 = Debug|Any CPU
		{0CE823D6-54C4-4DB8-A4E3-8056EE35AC1C}.Debug|x64.ActiveCfg = Debug|Any CPU
		{0CE823D6-54C4-4DB8-A4E3-8056EE35AC1C}.Debug|x64.Build.0 = Debug|Any CPU
		{0CE823D6-54C4-4DB8-A4E3-8056EE35AC1C}.Debug|x86.ActiveCfg = Debug|Any CPU
		{0CE823D6-54C4-4DB8-A4E3-8056EE35AC1C}.Debug|x86.Build.0 = Debug|Any CPU
		{0CE823D6-54C4-4DB8-A4E3-8056EE35AC1C}.Release|Any CPU.ActiveCfg = Release|Any CPU
		{0CE823D6-54C4-4DB8-A4E3-8056EE35AC1C}.Release|Any CPU.Build.0 = Release|Any CPU
		{0CE823D6-54C4-4DB8-A4E3-8056EE35AC1C}.Release|x64.ActiveCfg = Release|Any CPU
		{0CE823D6-54C4-4DB8-A4E3-8056EE35AC1C}.Release|x64.Build.0 = Release|Any CPU
		{0CE823D6-54C4-4DB8-A4E3-8056EE35AC1C}.Release|x86.ActiveCfg = Release|Any CPU
		{0CE823D6-54C4-4DB8-A4E3-8056EE35AC1C}.Release|x86.Build.0 = Release|Any CPU
		{25C74077-41E1-442C-A978-EF6D3B92BF3A}.Debug|Any CPU.ActiveCfg = Debug|Any CPU
		{25C74077-41E1-442C-A978-EF6D3B92BF3A}.Debug|Any CPU.Build.0 = Debug|Any CPU
		{25C74077-41E1-442C-A978-EF6D3B92BF3A}.Debug|x64.ActiveCfg = Debug|Any CPU
		{25C74077-41E1-442C-A978-EF6D3B92BF3A}.Debug|x64.Build.0 = Debug|Any CPU
		{25C74077-41E1-442C-A978-EF6D3B92BF3A}.Debug|x86.ActiveCfg = Debug|Any CPU
		{25C74077-41E1-442C-A978-EF6D3B92BF3A}.Debug|x86.Build.0 = Debug|Any CPU
		{25C74077-41E1-442C-A978-EF6D3B92BF3A}.Release|Any CPU.ActiveCfg = Release|Any CPU
		{25C74077-41E1-442C-A978-EF6D3B92BF3A}.Release|Any CPU.Build.0 = Release|Any CPU
		{25C74077-41E1-442C-A978-EF6D3B92BF3A}.Release|x64.ActiveCfg = Release|Any CPU
		{25C74077-41E1-442C-A978-EF6D3B92BF3A}.Release|x64.Build.0 = Release|Any CPU
		{25C74077-41E1-442C-A978-EF6D3B92BF3A}.Release|x86.ActiveCfg = Release|Any CPU
		{25C74077-41E1-442C-A978-EF6D3B92BF3A}.Release|x86.Build.0 = Release|Any CPU
	EndGlobalSection
	GlobalSection(SolutionProperties) = preSolution
		HideSolutionNode = FALSE
	EndGlobalSection
EndGlobal
